
Microsoft Visual Studio Solution File, Format Version 12.00
# Visual Studio Version 18
VisualStudioVersion = 18.5.11605.296 insiders
MinimumVisualStudioVersion = 10.0.40219.1
Project("{E24C65DC-7377-472B-9ABA-BC803B73C61A}") = "FormuleConstr", "http://localhost:52536", "{065C418D-65CF-C1F0-AA3F-8AA5C3188FB0}"
	ProjectSection(WebsiteProperties) = preProject
		UseIISExpress = "true"
		TargetFrameworkMoniker = ".NETFramework,Version%3Dv4.8"
		Debug.AspNetCompiler.VirtualPath = "/localhost_52536"
		Debug.AspNetCompiler.PhysicalPath = "..\..\..\OneDrive\Documents\My Web Sites\FormuleConstr\"
		Debug.AspNetCompiler.TargetPath = "PrecompiledWeb\localhost_52536\"
		Debug.AspNetCompiler.Updateable = "true"
		Debug.AspNetCompiler.ForceOverwrite = "true"
		Debug.AspNetCompiler.FixedNames = "false"
		Debug.AspNetCompiler.Debug = "True"
		Release.AspNetCompiler.VirtualPath = "/localhost_52536"
		Release.AspNetCompiler.PhysicalPath = "..\..\..\OneDrive\Documents\My Web Sites\FormuleConstr\"
		Release.AspNetCompiler.TargetPath = "PrecompiledWeb\localhost_52536\"
		Release.AspNetCompiler.Updateable = "true"
		Release.AspNetCompiler.ForceOverwrite = "true"
		Release.AspNetCompiler.FixedNames = "false"
		Release.AspNetCompiler.Debug = "False"
		SlnRelativePath = "..\..\..\OneDrive\Documents\My Web Sites\FormuleConstr\"
	EndProjectSection
EndProject
Global
	GlobalSection(SolutionConfigurationPlatforms) = preSolution
		Debug|Any CPU = Debug|Any CPU
	EndGlobalSection
	GlobalSection(ProjectConfigurationPlatforms) = postSolution
		{065C418D-65CF-C1F0-AA3F-8AA5C3188FB0}.Debug|Any CPU.ActiveCfg = Debug|Any CPU
		{065C418D-65CF-C1F0-AA3F-8AA5C3188FB0}.Debug|Any CPU.Build.0 = Debug|Any CPU
	EndGlobalSection
	GlobalSection(SolutionProperties) = preSolution
		HideSolutionNode = FALSE
	EndGlobalSection
	GlobalSection(ExtensibilityGlobals) = postSolution
		SolutionGuid = {48D7718E-81B2-4EFB-9331-CCEB9B9B9A48}
	EndGlobalSection
EndGlobal
